
Microsoft Visual Studio Solution File, Format Version 12.00
# Visual Studio Version 16
VisualStudioVersion = 16.0.32106.194
MinimumVisualStudioVersion = 10.0.40219.1
Project("{FAE04EC0-301F-11D3-BF4B-00C04F79EFBC}") = "WannaTrade", "WannaTrade\WannaTrade.csproj", "{A55CC484-F42F-4C03-B02B-8C61E56416FF}"
EndProject
Global
	GlobalSection(SolutionConfigurationPlatforms) = preSolution
		Debug|Any CPU = Debug|Any CPU
		Release|Any CPU = Release|Any CPU
	EndGlobalSection
	GlobalSection(ProjectConfigurationPlatforms) = postSolution
		{A55CC484-F42F-4C03-B02B-8C61E56416FF}.Debug|Any CPU.ActiveCfg = Debug|Any CPU
		{A55CC484-F42F-4C03-B02B-8C61E56416FF}.Debug|Any CPU.Build.0 = Debug|Any CPU
		{A55CC484-F42F-4C03-B02B-8C61E56416FF}.Release|Any CPU.ActiveCfg = Release|Any CPU
		{A55CC484-F42F-4C03-B02B-8C61E56416FF}.Release|Any CPU.Build.0 = Release|Any CPU
	EndGlobalSection
	GlobalSection(SolutionProperties) = preSolution
		HideSolutionNode = FALSE
	EndGlobalSection
	GlobalSection(ExtensibilityGlobals) = postSolution
		SolutionGuid = {2A95D49E-0AA4-4F4D-A2AE-B07AB88C4C1D}
	EndGlobalSection
EndGlobal
